{
  "name": "site",
  "lockfileVersion": 3,
  "requires": true,
  "packages": {
    "": {
      "dependencies": {
        "@types/d3": "^7.4.1",
        "@types/leaflet": "^1.9.6"
      }
    },
    "node_modules/@types/d3": {
      "version": "7.4.1",
      "resolved": "https://registry.npmjs.org/@types/d3/-/d3-7.4.1.tgz",
      "integrity": "sha512-lBpYmbHTCtFKO1DB1R7E9dXp9/g1F3JXSGOF7iKPZ+wRmYg/Q6tCRHODGOc5Qk25fJRe2PI60EDRf2HLPUncMA==",
      "dependencies": {
        "@types/d3-array": "*",
        "@types/d3-axis": "*",
        "@types/d3-brush": "*",
        "@types/d3-chord": "*",
        "@types/d3-color": "*",
        "@types/d3-contour": "*",
        "@types/d3-delaunay": "*",
        "@types/d3-dispatch": "*",
        "@types/d3-drag": "*",
        "@types/d3-dsv": "*",
        "@types/d3-ease": "*",
        "@types/d3-fetch": "*",
        "@types/d3-force": "*",
        "@types/d3-format": "*",
        "@types/d3-geo": "*",
        "@types/d3-hierarchy": "*",
        "@types/d3-interpolate": "*",
        "@types/d3-path": "*",
        "@types/d3-polygon": "*",
        "@types/d3-quadtree": "*",
        "@types/d3-random": "*",
        "@types/d3-scale": "*",
        "@types/d3-scale-chromatic": "*",
        "@types/d3-selection": "*",
        "@types/d3-shape": "*",
        "@types/d3-time": "*",
        "@types/d3-time-format": "*",
        "@types/d3-timer": "*",
        "@types/d3-transition": "*",
        "@types/d3-zoom": "*"
      }
    },
    "node_modules/@types/d3-array": {
      "version": "3.0.8",
      "resolved": "https://registry.npmjs.org/@types/d3-array/-/d3-array-3.0.8.tgz",
      "integrity": "sha512-2xAVyAUgaXHX9fubjcCbGAUOqYfRJN1em1EKR2HfzWBpObZhwfnZKvofTN4TplMqJdFQao61I+NVSai/vnBvDQ=="
    },
    "node_modules/@types/d3-axis": {
      "version": "3.0.4",
      "resolved": "https://registry.npmjs.org/@types/d3-axis/-/d3-axis-3.0.4.tgz",
      "integrity": "sha512-ySnjI/7qm+J602VjcejXcqs1hEuu5UBbGaJGp+Cn/yKVc1iS3JueLVpToGdQsS2sqta7tqA/kG4ore/+LH90UA==",
      "dependencies": {
        "@types/d3-selection": "*"
      }
    },
    "node_modules/@types/d3-brush": {
      "version": "3.0.4",
      "resolved": "https://registry.npmjs.org/@types/d3-brush/-/d3-brush-3.0.4.tgz",
      "integrity": "sha512-Kg5uIsdJNMCs5lTqeZFsTKqj9lBvpiFRDkYN3j2CDlPhonNDg9/gXVpv1E/MKh3tEqArryIj9o6RBGE/MQe+6Q==",
      "dependencies": {
        "@types/d3-selection": "*"
      }
    },
    "node_modules/@types/d3-chord": {
      "version": "3.0.4",
      "resolved": "https://registry.npmjs.org/@types/d3-chord/-/d3-chord-3.0.4.tgz",
      "integrity": "sha512-p4PvN1N+7GL3Y/NI9Ug1TKwowUV6h664kmxL79ctp1HRYCk1mhP0+SXhjRsoWXCdnJfbLLLmpV99rt8dMrHrzg=="
    },
    "node_modules/@types/d3-color": {
      "version": "3.1.1",
      "resolved": "https://registry.npmjs.org/@types/d3-color/-/d3-color-3.1.1.tgz",
      "integrity": "sha512-CSAVrHAtM9wfuLJ2tpvvwCU/F22sm7rMHNN+yh9D6O6hyAms3+O0cgMpC1pm6UEUMOntuZC8bMt74PteiDUdCg=="
    },
    "node_modules/@types/d3-contour": {
      "version": "3.0.4",
      "resolved": "https://registry.npmjs.org/@types/d3-contour/-/d3-contour-3.0.4.tgz",
      "integrity": "sha512-B0aeX8Xg3MNUglULxqDvlgY1SVXuN2xtEleYSAY0iMhl/SMVT7snzgAveejjwM3KaWuNXIoXEJ7dmXE8oPq/jA==",
      "dependencies": {
        "@types/d3-array": "*",
        "@types/geojson": "*"
      }
    },
    "node_modules/@types/d3-delaunay": {
      "version": "6.0.2",
      "resolved": "https://registry.npmjs.org/@types/d3-delaunay/-/d3-delaunay-6.0.2.tgz",
      "integrity": "sha512-WplUJ/OHU7eITneDqNnzK+2pgR+WDzUHG6XAUVo+oWHPQq74VcgUdw8a4ODweaZzF56OVYK+x9GxCyuq6hSu1A=="
    },
    "node_modules/@types/d3-dispatch": {
      "version": "3.0.4",
      "resolved": "https://registry.npmjs.org/@types/d3-dispatch/-/d3-dispatch-3.0.4.tgz",
      "integrity": "sha512-NApHpGHRNxUy7e2Lfzl/cwOucmn4Xdx6FdmXzAoomo8T81LyGmlBjjko/vP0TVzawlvEFLDq8OCRLulW6DDzKw=="
    },
    "node_modules/@types/d3-drag": {
      "version": "3.0.4",
      "resolved": "https://registry.npmjs.org/@types/d3-drag/-/d3-drag-3.0.4.tgz",
      "integrity": "sha512-/t53K1erTuUbP7WIX9SE0hlmytpTYRbIthlhbGkBHzCV5vPO++7yrk8OlisWPyIJO5TGowTmqCtGH2tokY5T/g==",
      "dependencies": {
        "@types/d3-selection": "*"
      }
    },
    "node_modules/@types/d3-dsv": {
      "version": "3.0.4",
      "resolved": "https://registry.npmjs.org/@types/d3-dsv/-/d3-dsv-3.0.4.tgz",
      "integrity": "sha512-YxfUVJ55HxR8oq88136w09mBMPNhgH7PZjteq72onWXWOohGif/cLQnQv8V4A5lEGjXF04LhwSTpmzpY9wyVyA=="
    },
    "node_modules/@types/d3-ease": {
      "version": "3.0.0",
      "resolved": "https://registry.npmjs.org/@types/d3-ease/-/d3-ease-3.0.0.tgz",
      "integrity": "sha512-aMo4eaAOijJjA6uU+GIeW018dvy9+oH5Y2VPPzjjfxevvGQ/oRDs+tfYC9b50Q4BygRR8yE2QCLsrT0WtAVseA=="
    },
    "node_modules/@types/d3-fetch": {
      "version": "3.0.4",
      "resolved": "https://registry.npmjs.org/@types/d3-fetch/-/d3-fetch-3.0.4.tgz",
      "integrity": "sha512-RleYajubALkGjrvatxWhlygfvB1KNF0Uzz9guRUeeA+M/2B7l8rxObYdktaX9zU1st04lMCHjZWe4vbl+msH2Q==",
      "dependencies": {
        "@types/d3-dsv": "*"
      }
    },
    "node_modules/@types/d3-force": {
      "version": "3.0.6",
      "resolved": "https://registry.npmjs.org/@types/d3-force/-/d3-force-3.0.6.tgz",
      "integrity": "sha512-G9wbOvCxkNlLrppoHLZ6oFpbm3z7ibfkXwLD8g5/4Aa7iTEV0Z7TQ0OL8UxAtvdOhCa2VZcSuqn1NQqyCEqmiw=="
    },
    "node_modules/@types/d3-format": {
      "version": "3.0.2",
      "resolved": "https://registry.npmjs.org/@types/d3-format/-/d3-format-3.0.2.tgz",
      "integrity": "sha512-9oQWvKk2qVBo49FQq8yD/et8Lx0W5Ac2FdGSOUecqOFKqh0wkpyHqf9Qc7A06ftTR+Lz13Pi3jHIQis0aCueOA=="
    },
    "node_modules/@types/d3-geo": {
      "version": "3.0.5",
      "resolved": "https://registry.npmjs.org/@types/d3-geo/-/d3-geo-3.0.5.tgz",
      "integrity": "sha512-ysEEU93Wv9p2UZBxTK3kUP7veHgyhTA0qYtI7bxK5EMXb3JxGv0D4IH54PxprAF26n+uHci24McVmzwIdLgvgQ==",
      "dependencies": {
        "@types/geojson": "*"
      }
    },
    "node_modules/@types/d3-hierarchy": {
      "version": "3.1.4",
      "resolved": "https://registry.npmjs.org/@types/d3-hierarchy/-/d3-hierarchy-3.1.4.tgz",
      "integrity": "sha512-wrvjpRFdmEu6yAqgjGy8MSud9ggxJj+I9XLuztLeSf/E0j0j6RQYtxH2J8U0Cfbgiw9ZDHyhpmaVuWhxscYaAQ=="
    },
    "node_modules/@types/d3-interpolate": {
      "version": "3.0.2",
      "resolved": "https://registry.npmjs.org/@types/d3-interpolate/-/d3-interpolate-3.0.2.tgz",
      "integrity": "sha512-zAbCj9lTqW9J9PlF4FwnvEjXZUy75NQqPm7DMHZXuxCFTpuTrdK2NMYGQekf4hlasL78fCYOLu4EE3/tXElwow==",
      "dependencies": {
        "@types/d3-color": "*"
      }
    },
    "node_modules/@types/d3-path": {
      "version": "3.0.0",
      "resolved": "https://registry.npmjs.org/@types/d3-path/-/d3-path-3.0.0.tgz",
      "integrity": "sha512-0g/A+mZXgFkQxN3HniRDbXMN79K3CdTpLsevj+PXiTcb2hVyvkZUBg37StmgCQkaD84cUJ4uaDAWq7UJOQy2Tg=="
    },
    "node_modules/@types/d3-polygon": {
      "version": "3.0.0",
      "resolved": "https://registry.npmjs.org/@types/d3-polygon/-/d3-polygon-3.0.0.tgz",
      "integrity": "sha512-D49z4DyzTKXM0sGKVqiTDTYr+DHg/uxsiWDAkNrwXYuiZVd9o9wXZIo+YsHkifOiyBkmSWlEngHCQme54/hnHw=="
    },
    "node_modules/@types/d3-quadtree": {
      "version": "3.0.3",
      "resolved": "https://registry.npmjs.org/@types/d3-quadtree/-/d3-quadtree-3.0.3.tgz",
      "integrity": "sha512-GDWaR+rGEk4ToLQSGugYnoh9AYYblsg/8kmdpa1KAJMwcdZ0v8rwgnldURxI5UrzxPlCPzF7by/Tjmv+Jn21Dg=="
    },
    "node_modules/@types/d3-random": {
      "version": "3.0.1",
      "resolved": "https://registry.npmjs.org/@types/d3-random/-/d3-random-3.0.1.tgz",
      "integrity": "sha512-IIE6YTekGczpLYo/HehAy3JGF1ty7+usI97LqraNa8IiDur+L44d0VOjAvFQWJVdZOJHukUJw+ZdZBlgeUsHOQ=="
    },
    "node_modules/@types/d3-scale": {
      "version": "4.0.5",
      "resolved": "https://registry.npmjs.org/@types/d3-scale/-/d3-scale-4.0.5.tgz",
      "integrity": "sha512-w/C++3W394MHzcLKO2kdsIn5KKNTOqeQVzyPSGPLzQbkPw/jpeaGtSRlakcKevGgGsjJxGsbqS0fPrVFDbHrDA==",
      "dependencies": {
        "@types/d3-time": "*"
      }
    },
    "node_modules/@types/d3-scale-chromatic": {
      "version": "3.0.0",
      "resolved": "https://registry.npmjs.org/@types/d3-scale-chromatic/-/d3-scale-chromatic-3.0.0.tgz",
      "integrity": "sha512-dsoJGEIShosKVRBZB0Vo3C8nqSDqVGujJU6tPznsBJxNJNwMF8utmS83nvCBKQYPpjCzaaHcrf66iTRpZosLPw=="
    },
    "node_modules/@types/d3-selection": {
      "version": "3.0.7",
      "resolved": "https://registry.npmjs.org/@types/d3-selection/-/d3-selection-3.0.7.tgz",
      "integrity": "sha512-qoj2O7KjfqCobmtFOth8FMvjwMVPUAAmn6xiUbLl1ld7vQCPgffvyV5BBcEFfqWdilAUm+3zciU/3P3vZrUMlg=="
    },
    "node_modules/@types/d3-shape": {
      "version": "3.1.3",
      "resolved": "https://registry.npmjs.org/@types/d3-shape/-/d3-shape-3.1.3.tgz",
      "integrity": "sha512-cHMdIq+rhF5IVwAV7t61pcEXfEHsEsrbBUPkFGBwTXuxtTAkBBrnrNA8++6OWm3jwVsXoZYQM8NEekg6CPJ3zw==",
      "dependencies": {
        "@types/d3-path": "*"
      }
    },
    "node_modules/@types/d3-time": {
      "version": "3.0.1",
      "resolved": "https://registry.npmjs.org/@types/d3-time/-/d3-time-3.0.1.tgz",
      "integrity": "sha512-5j/AnefKAhCw4HpITmLDTPlf4vhi8o/dES+zbegfPb7LaGfNyqkLxBR6E+4yvTAgnJLmhe80EXFMzUs38fw4oA=="
    },
    "node_modules/@types/d3-time-format": {
      "version": "4.0.1",
      "resolved": "https://registry.npmjs.org/@types/d3-time-format/-/d3-time-format-4.0.1.tgz",
      "integrity": "sha512-Br6EFeu9B1Zrem7KaYbr800xCmEDyq8uE60kEU8rWhC/XpFYX6ocGMZuRJDQfFCq6SyakQxNHFqIfJbFLf4x6Q=="
    },
    "node_modules/@types/d3-timer": {
      "version": "3.0.0",
      "resolved": "https://registry.npmjs.org/@types/d3-timer/-/d3-timer-3.0.0.tgz",
      "integrity": "sha512-HNB/9GHqu7Fo8AQiugyJbv6ZxYz58wef0esl4Mv828w1ZKpAshw/uFWVDUcIB9KKFeFKoxS3cHY07FFgtTRZ1g=="
    },
    "node_modules/@types/d3-transition": {
      "version": "3.0.5",
      "resolved": "https://registry.npmjs.org/@types/d3-transition/-/d3-transition-3.0.5.tgz",
      "integrity": "sha512-dcfjP6prFxj3ziFOJrnt4W2P0oXNj/sGxsJXH8286sHtVZ4qWGbjuZj+RRCYx4YZ4C0izpeE8OqXVCtoWEtzYg==",
      "dependencies": {
        "@types/d3-selection": "*"
      }
    },
    "node_modules/@types/d3-zoom": {
      "version": "3.0.5",
      "resolved": "https://registry.npmjs.org/@types/d3-zoom/-/d3-zoom-3.0.5.tgz",
      "integrity": "sha512-mIefdTLtxuWUWTbBupCUXPAXVPmi8/Uwrq41gQpRh0rD25GMU1ku+oTELqNY2NuuiI0F3wXC5e1liBQi7YS7XQ==",
      "dependencies": {
        "@types/d3-interpolate": "*",
        "@types/d3-selection": "*"
      }
    },
    "node_modules/@types/geojson": {
      "version": "7946.0.11",
      "resolved": "https://registry.npmjs.org/@types/geojson/-/geojson-7946.0.11.tgz",
      "integrity": "sha512-L7A0AINMXQpVwxHJ4jxD6/XjZ4NDufaRlUJHjNIFKYUFBH1SvOW+neaqb0VTRSLW5suSrSu19ObFEFnfNcr+qg=="
    },
    "node_modules/@types/leaflet": {
      "version": "1.9.6",
      "resolved": "https://registry.npmjs.org/@types/leaflet/-/leaflet-1.9.6.tgz",
      "integrity": "sha512-HakGTK5LBBWegNWsAmTlG55zN1zszYec7aG47/z6SzT90bW2vqjmbqk3YKAbrtveO+G7fSTKTYqVbIwAFnTrbg==",
      "dependencies": {
        "@types/geojson": "*"
      }
    }
  }
}
